
Microsoft Visual Studio Solution File, Format Version 12.00
# Visual Studio Version 17
VisualStudioVersion = 17.9.34723.18
MinimumVisualStudioVersion = 10.0.40219.1
Project("{9A19103F-16F7-4668-BE54-9A1E7A4F7556}") = "ET.DataAccess", "ET.DataAccess\ET.DataAccess.csproj", "{32F1D3C3-99B4-43A2-8C53-23710ABD24B1}"
EndProject
Project("{9A19103F-16F7-4668-BE54-9A1E7A4F7556}") = "ET.Web", "ET.Web\ET.Web.csproj", "{7BCBC3B5-8247-4578-997F-BE6A67137F91}"
EndProject
Project("{FAE04EC0-301F-11D3-BF4B-00C04F79EFBC}") = "ET.Domain", "ET.Domain\ET.Domain.csproj", "{457236AB-3307-4D1F-A1EC-C6BAD111E6D5}"
EndProject
Global
	GlobalSection(SolutionConfigurationPlatforms) = preSolution
		Debug|Any CPU = Debug|Any CPU
		Release|Any CPU = Release|Any CPU
	EndGlobalSection
	GlobalSection(ProjectConfigurationPlatforms) = postSolution
		{32F1D3C3-99B4-43A2-8C53-23710ABD24B1}.Debug|Any CPU.ActiveCfg = Debug|Any CPU
		{32F1D3C3-99B4-43A2-8C53-23710ABD24B1}.Debug|Any CPU.Build.0 = Debug|Any CPU
		{32F1D3C3-99B4-43A2-8C53-23710ABD24B1}.Release|Any CPU.ActiveCfg = Release|Any CPU
		{32F1D3C3-99B4-43A2-8C53-23710ABD24B1}.Release|Any CPU.Build.0 = Release|Any CPU
		{7BCBC3B5-8247-4578-997F-BE6A67137F91}.Debug|Any CPU.ActiveCfg = Debug|Any CPU
		{7BCBC3B5-8247-4578-997F-BE6A67137F91}.Debug|Any CPU.Build.0 = Debug|Any CPU
		{7BCBC3B5-8247-4578-997F-BE6A67137F91}.Release|Any CPU.ActiveCfg = Release|Any CPU
		{7BCBC3B5-8247-4578-997F-BE6A67137F91}.Release|Any CPU.Build.0 = Release|Any CPU
		{457236AB-3307-4D1F-A1EC-C6BAD111E6D5}.Debug|Any CPU.ActiveCfg = Debug|Any CPU
		{457236AB-3307-4D1F-A1EC-C6BAD111E6D5}.Debug|Any CPU.Build.0 = Debug|Any CPU
		{457236AB-3307-4D1F-A1EC-C6BAD111E6D5}.Release|Any CPU.ActiveCfg = Release|Any CPU
		{457236AB-3307-4D1F-A1EC-C6BAD111E6D5}.Release|Any CPU.Build.0 = Release|Any CPU
	EndGlobalSection
	GlobalSection(SolutionProperties) = preSolution
		HideSolutionNode = FALSE
	EndGlobalSection
	GlobalSection(ExtensibilityGlobals) = postSolution
		SolutionGuid = {EC6506C7-E79E-418C-B3CB-6E8C9C61A329}
	EndGlobalSection
EndGlobal
